version: 5
environments:
  default:
    channels:
    - url: https://conda.anaconda.org/conda-forge/
    indexes:
    - https://pypi.org/simple
    packages:
      linux-64:
      - conda: https://conda.anaconda.org/conda-forge/linux-64/_libgcc_mutex-0.1-conda_forge.tar.bz2
      - conda: https://conda.anaconda.org/conda-forge/linux-64/_openmp_mutex-4.5-2_gnu.tar.bz2
      - conda: https://conda.anaconda.org/conda-forge/noarch/annotated-types-0.7.0-pyhd8ed1ab_0.conda
      - conda: https://conda.anaconda.org/conda-forge/linux-64/bzip2-1.0.8-h4bc722e_7.conda
      - conda: https://conda.anaconda.org/conda-forge/linux-64/ca-certificates-2024.8.30-hbcca054_0.conda
      - conda: https://conda.anaconda.org/conda-forge/noarch/click-8.1.7-unix_pyh707e725_0.conda
      - conda: https://conda.anaconda.org/conda-forge/linux-64/coverage-7.6.4-py313h8060acc_0.conda
      - conda: https://conda.anaconda.org/conda-forge/linux-64/ld_impl_linux-64-2.43-h712a8e2_2.conda
      - conda: https://conda.anaconda.org/conda-forge/linux-64/libblas-3.9.0-25_linux64_openblas.conda
      - conda: https://conda.anaconda.org/conda-forge/linux-64/libcblas-3.9.0-25_linux64_openblas.conda
      - conda: https://conda.anaconda.org/conda-forge/linux-64/libexpat-2.6.3-h5888daf_0.conda
      - conda: https://conda.anaconda.org/conda-forge/linux-64/libffi-3.4.2-h7f98852_5.tar.bz2
      - conda: https://conda.anaconda.org/conda-forge/linux-64/libgcc-14.2.0-h77fa898_1.conda
      - conda: https://conda.anaconda.org/conda-forge/linux-64/libgcc-ng-14.2.0-h69a702a_1.conda
      - conda: https://conda.anaconda.org/conda-forge/linux-64/libgfortran-14.2.0-h69a702a_1.conda
      - conda: https://conda.anaconda.org/conda-forge/linux-64/libgfortran5-14.2.0-hd5240d6_1.conda
      - conda: https://conda.anaconda.org/conda-forge/linux-64/libgomp-14.2.0-h77fa898_1.conda
      - conda: https://conda.anaconda.org/conda-forge/linux-64/liblapack-3.9.0-25_linux64_openblas.conda
      - conda: https://conda.anaconda.org/conda-forge/linux-64/libmpdec-4.0.0-h4bc722e_0.conda
      - conda: https://conda.anaconda.org/conda-forge/linux-64/libopenblas-0.3.28-pthreads_h94d23a6_1.conda
      - conda: https://conda.anaconda.org/conda-forge/linux-64/libsqlite-3.47.0-hadc24fc_1.conda
      - conda: https://conda.anaconda.org/conda-forge/linux-64/libstdcxx-14.2.0-hc0a3c3a_1.conda
      - conda: https://conda.anaconda.org/conda-forge/linux-64/libuuid-2.38.1-h0b41bf4_0.conda
      - conda: https://conda.anaconda.org/conda-forge/linux-64/libzlib-1.3.1-hb9d3cd8_2.conda
      - conda: https://conda.anaconda.org/conda-forge/noarch/markdown-it-py-3.0.0-pyhd8ed1ab_0.conda
      - conda: https://conda.anaconda.org/conda-forge/noarch/mdurl-0.1.2-pyhd8ed1ab_0.conda
      - conda: https://conda.anaconda.org/conda-forge/linux-64/ncurses-6.5-he02047a_1.conda
      - conda: https://conda.anaconda.org/conda-forge/linux-64/numpy-2.1.3-py313h4bf6692_0.conda
      - conda: https://conda.anaconda.org/conda-forge/linux-64/openssl-3.3.2-hb9d3cd8_0.conda
      - conda: https://conda.anaconda.org/conda-forge/linux-64/pandas-2.2.3-py313ha87cce1_1.conda
      - conda: https://conda.anaconda.org/conda-forge/noarch/pip-24.3.1-pyh145f28c_0.conda
      - conda: https://conda.anaconda.org/conda-forge/noarch/pydantic-2.9.2-pyhd8ed1ab_0.conda
      - conda: https://conda.anaconda.org/conda-forge/linux-64/pydantic-core-2.23.4-py313h920b4c0_0.conda
      - conda: https://conda.anaconda.org/conda-forge/noarch/pydantic-settings-2.6.1-pyh3cfb1c2_0.conda
      - conda: https://conda.anaconda.org/conda-forge/noarch/pygments-2.18.0-pyhd8ed1ab_0.conda
      - conda: https://conda.anaconda.org/conda-forge/linux-64/python-3.13.0-h9ebbce0_100_cp313.conda
      - conda: https://conda.anaconda.org/conda-forge/noarch/python-dateutil-2.9.0-pyhd8ed1ab_0.conda
      - conda: https://conda.anaconda.org/conda-forge/noarch/python-dotenv-1.0.1-pyhd8ed1ab_0.conda
      - conda: https://conda.anaconda.org/conda-forge/noarch/python-tzdata-2024.2-pyhd8ed1ab_0.conda
      - conda: https://conda.anaconda.org/conda-forge/linux-64/python_abi-3.13-5_cp313.conda
      - conda: https://conda.anaconda.org/conda-forge/noarch/pytz-2024.1-pyhd8ed1ab_0.conda
      - conda: https://conda.anaconda.org/conda-forge/linux-64/readline-8.2-h8228510_1.conda
      - conda: https://conda.anaconda.org/conda-forge/noarch/rich-13.9.4-pyhd8ed1ab_0.conda
      - conda: https://conda.anaconda.org/conda-forge/noarch/shellingham-1.5.4-pyhd8ed1ab_0.conda
      - conda: https://conda.anaconda.org/conda-forge/noarch/six-1.16.0-pyh6c4a22f_0.tar.bz2
      - conda: https://conda.anaconda.org/conda-forge/linux-64/tk-8.6.13-noxft_h4845f30_101.conda
      - conda: https://conda.anaconda.org/conda-forge/noarch/tomli-2.0.2-pyhd8ed1ab_0.conda
      - conda: https://conda.anaconda.org/conda-forge/noarch/typer-0.12.5-pyhd8ed1ab_0.conda
      - conda: https://conda.anaconda.org/conda-forge/noarch/typer-slim-0.12.5-pyhd8ed1ab_0.conda
      - conda: https://conda.anaconda.org/conda-forge/noarch/typer-slim-standard-0.12.5-hd8ed1ab_0.conda
      - conda: https://conda.anaconda.org/conda-forge/noarch/typing-extensions-4.12.2-hd8ed1ab_0.conda
      - conda: https://conda.anaconda.org/conda-forge/noarch/typing_extensions-4.12.2-pyha770c72_0.conda
      - conda: https://conda.anaconda.org/conda-forge/noarch/tzdata-2024b-hc8b5060_0.conda
      - conda: https://conda.anaconda.org/conda-forge/linux-64/xz-5.2.6-h166bdaf_0.tar.bz2
      - pypi: .
packages:
- kind: conda
  name: _libgcc_mutex
  version: '0.1'
  build: conda_forge
  subdir: linux-64
  url: https://conda.anaconda.org/conda-forge/linux-64/_libgcc_mutex-0.1-conda_forge.tar.bz2
  sha256: fe51de6107f9edc7aa4f786a70f4a883943bc9d39b3bb7307c04c41410990726
  md5: d7c89558ba9fa0495403155b64376d81
  license: None
  purls: []
  size: 2562
  timestamp: 1578324546067
- kind: conda
  name: _openmp_mutex
  version: '4.5'
  build: 2_gnu
  build_number: 16
  subdir: linux-64
  url: https://conda.anaconda.org/conda-forge/linux-64/_openmp_mutex-4.5-2_gnu.tar.bz2
  sha256: fbe2c5e56a653bebb982eda4876a9178aedfc2b545f25d0ce9c4c0b508253d22
  md5: 73aaf86a425cc6e73fcf236a5a46396d
  depends:
  - _libgcc_mutex 0.1 conda_forge
  - libgomp >=7.5.0
  constrains:
  - openmp_impl 9999
  license: BSD-3-Clause
  license_family: BSD
  purls: []
  size: 23621
  timestamp: 1650670423406
- kind: conda
  name: annotated-types
  version: 0.7.0
  build: pyhd8ed1ab_0
  subdir: noarch
  noarch: python
  url: https://conda.anaconda.org/conda-forge/noarch/annotated-types-0.7.0-pyhd8ed1ab_0.conda
  sha256: 668f0825b6c18e4012ca24a0070562b6ec801ebc7008228a428eb52b4038873f
  md5: 7e9f4612544c8edbfd6afad17f1bd045
  depends:
  - python >=3.7
  - typing-extensions >=4.0.0
  license: MIT
  license_family: MIT
  purls:
  - pkg:pypi/annotated-types?source=hash-mapping
  size: 18235
  timestamp: 1716290348421
- kind: conda
  name: bzip2
  version: 1.0.8
  build: h4bc722e_7
  build_number: 7
  subdir: linux-64
  url: https://conda.anaconda.org/conda-forge/linux-64/bzip2-1.0.8-h4bc722e_7.conda
  sha256: 5ced96500d945fb286c9c838e54fa759aa04a7129c59800f0846b4335cee770d
  md5: 62ee74e96c5ebb0af99386de58cf9553
  depends:
  - __glibc >=2.17,<3.0.a0
  - libgcc-ng >=12
  license: bzip2-1.0.6
  license_family: BSD
  purls: []
  size: 252783
  timestamp: 1720974456583
- kind: conda
  name: ca-certificates
  version: 2024.8.30
  build: hbcca054_0
  subdir: linux-64
  url: https://conda.anaconda.org/conda-forge/linux-64/ca-certificates-2024.8.30-hbcca054_0.conda
  sha256: afee721baa6d988e27fef1832f68d6f32ac8cc99cdf6015732224c2841a09cea
  md5: c27d1c142233b5bc9ca570c6e2e0c244
  license: ISC
  purls: []
  size: 159003
  timestamp: 1725018903918
- kind: conda
  name: click
  version: 8.1.7
  build: unix_pyh707e725_0
  subdir: noarch
  noarch: python
  url: https://conda.anaconda.org/conda-forge/noarch/click-8.1.7-unix_pyh707e725_0.conda
  sha256: f0016cbab6ac4138a429e28dbcb904a90305b34b3fe41a9b89d697c90401caec
  md5: f3ad426304898027fc619827ff428eca
  depends:
  - __unix
  - python >=3.8
  license: BSD-3-Clause
  license_family: BSD
  purls:
  - pkg:pypi/click?source=hash-mapping
  size: 84437
  timestamp: 1692311973840
- kind: pypi
  name: covan
  version: 0.1.0
  path: .
  sha256: ef7806cd5c573702156775908e17b702c980fdae4363acf61199f3a18b510418
  requires_python: '>=3.8'
  editable: true
- kind: conda
  name: coverage
  version: 7.6.4
  build: py313h8060acc_0
  subdir: linux-64
  url: https://conda.anaconda.org/conda-forge/linux-64/coverage-7.6.4-py313h8060acc_0.conda
  sha256: 020d071f2dd1df871463bccf2ffcbff20c790179f400e053dda0613c94d66f46
  md5: 5bca0d64c09da937aa82cb5aaa863c61
  depends:
  - __glibc >=2.17,<3.0.a0
  - libgcc >=13
  - python >=3.13,<3.14.0a0
  - python_abi 3.13.* *_cp313
  - tomli
  license: Apache-2.0
  license_family: APACHE
  purls:
  - pkg:pypi/coverage?source=hash-mapping
  size: 372124
  timestamp: 1729610330437
- kind: conda
  name: ld_impl_linux-64
  version: '2.43'
  build: h712a8e2_2
  build_number: 2
  subdir: linux-64
  url: https://conda.anaconda.org/conda-forge/linux-64/ld_impl_linux-64-2.43-h712a8e2_2.conda
  sha256: 7c91cea91b13f4314d125d1bedb9d03a29ebbd5080ccdea70260363424646dbe
  md5: 048b02e3962f066da18efe3a21b77672
  depends:
  - __glibc >=2.17,<3.0.a0
  constrains:
  - binutils_impl_linux-64 2.43
  license: GPL-3.0-only
  license_family: GPL
  purls: []
  size: 669211
  timestamp: 1729655358674
- kind: conda
  name: libblas
  version: 3.9.0
  build: 25_linux64_openblas
  build_number: 25
  subdir: linux-64
  url: https://conda.anaconda.org/conda-forge/linux-64/libblas-3.9.0-25_linux64_openblas.conda
  sha256: d6d12dc437d060f838820e9e61bf73baab651f91935ac594cf10beb9ef1b4450
  md5: 8ea26d42ca88ec5258802715fe1ee10b
  depends:
  - libopenblas >=0.3.28,<0.3.29.0a0
  - libopenblas >=0.3.28,<1.0a0
  constrains:
  - liblapack 3.9.0 25_linux64_openblas
  - libcblas 3.9.0 25_linux64_openblas
  - blas * openblas
  - liblapacke 3.9.0 25_linux64_openblas
  license: BSD-3-Clause
  license_family: BSD
  purls: []
  size: 15677
  timestamp: 1729642900350
- kind: conda
  name: libcblas
  version: 3.9.0
  build: 25_linux64_openblas
  build_number: 25
  subdir: linux-64
  url: https://conda.anaconda.org/conda-forge/linux-64/libcblas-3.9.0-25_linux64_openblas.conda
  sha256: ab87b0477078837c91d9cda62a9faca18fba7c57cc77aa779ae24b3ac783b5dd
  md5: 5dbd1b0fc0d01ec5e0e1fbe667281a11
  depends:
  - libblas 3.9.0 25_linux64_openblas
  constrains:
  - liblapack 3.9.0 25_linux64_openblas
  - blas * openblas
  - liblapacke 3.9.0 25_linux64_openblas
  license: BSD-3-Clause
  license_family: BSD
  purls: []
  size: 15613
  timestamp: 1729642905619
- kind: conda
  name: libexpat
  version: 2.6.3
  build: h5888daf_0
  subdir: linux-64
  url: https://conda.anaconda.org/conda-forge/linux-64/libexpat-2.6.3-h5888daf_0.conda
  sha256: 4bb47bb2cd09898737a5211e2992d63c555d63715a07ba56eae0aff31fb89c22
  md5: 59f4c43bb1b5ef1c71946ff2cbf59524
  depends:
  - __glibc >=2.17,<3.0.a0
  - libgcc >=13
  constrains:
  - expat 2.6.3.*
  license: MIT
  license_family: MIT
  purls: []
  size: 73616
  timestamp: 1725568742634
- kind: conda
  name: libffi
  version: 3.4.2
  build: h7f98852_5
  build_number: 5
  subdir: linux-64
  url: https://conda.anaconda.org/conda-forge/linux-64/libffi-3.4.2-h7f98852_5.tar.bz2
  sha256: ab6e9856c21709b7b517e940ae7028ae0737546122f83c2aa5d692860c3b149e
  md5: d645c6d2ac96843a2bfaccd2d62b3ac3
  depends:
  - libgcc-ng >=9.4.0
  license: MIT
  license_family: MIT
  purls: []
  size: 58292
  timestamp: 1636488182923
- kind: conda
  name: libgcc
  version: 14.2.0
  build: h77fa898_1
  build_number: 1
  subdir: linux-64
  url: https://conda.anaconda.org/conda-forge/linux-64/libgcc-14.2.0-h77fa898_1.conda
  sha256: 53eb8a79365e58849e7b1a068d31f4f9e718dc938d6f2c03e960345739a03569
  md5: 3cb76c3f10d3bc7f1105b2fc9db984df
  depends:
  - _libgcc_mutex 0.1 conda_forge
  - _openmp_mutex >=4.5
  constrains:
  - libgomp 14.2.0 h77fa898_1
  - libgcc-ng ==14.2.0=*_1
  license: GPL-3.0-only WITH GCC-exception-3.1
  license_family: GPL
  purls: []
  size: 848745
  timestamp: 1729027721139
- kind: conda
  name: libgcc-ng
  version: 14.2.0
  build: h69a702a_1
  build_number: 1
  subdir: linux-64
  url: https://conda.anaconda.org/conda-forge/linux-64/libgcc-ng-14.2.0-h69a702a_1.conda
  sha256: 3a76969c80e9af8b6e7a55090088bc41da4cffcde9e2c71b17f44d37b7cb87f7
  md5: e39480b9ca41323497b05492a63bc35b
  depends:
  - libgcc 14.2.0 h77fa898_1
  license: GPL-3.0-only WITH GCC-exception-3.1
  license_family: GPL
  purls: []
  size: 54142
  timestamp: 1729027726517
- kind: conda
  name: libgfortran
  version: 14.2.0
  build: h69a702a_1
  build_number: 1
  subdir: linux-64
  url: https://conda.anaconda.org/conda-forge/linux-64/libgfortran-14.2.0-h69a702a_1.conda
  sha256: fc9e7f22a17faf74da904ebfc4d88699013d2992e55505e4aa0eb01770290977
  md5: f1fd30127802683586f768875127a987
  depends:
  - libgfortran5 14.2.0 hd5240d6_1
  constrains:
  - libgfortran-ng ==14.2.0=*_1
  license: GPL-3.0-only WITH GCC-exception-3.1
  license_family: GPL
  purls: []
  size: 53997
  timestamp: 1729027752995
- kind: conda
  name: libgfortran5
  version: 14.2.0
  build: hd5240d6_1
  build_number: 1
  subdir: linux-64
  url: https://conda.anaconda.org/conda-forge/linux-64/libgfortran5-14.2.0-hd5240d6_1.conda
  sha256: d149a37ca73611e425041f33b9d8dbed6e52ec506fe8cc1fc0ee054bddeb6d5d
  md5: 9822b874ea29af082e5d36098d25427d
  depends:
  - libgcc >=14.2.0
  constrains:
  - libgfortran 14.2.0
  license: GPL-3.0-only WITH GCC-exception-3.1
  license_family: GPL
  purls: []
  size: 1462645
  timestamp: 1729027735353
- kind: conda
  name: libgomp
  version: 14.2.0
  build: h77fa898_1
  build_number: 1
  subdir: linux-64
  url: https://conda.anaconda.org/conda-forge/linux-64/libgomp-14.2.0-h77fa898_1.conda
  sha256: 1911c29975ec99b6b906904040c855772ccb265a1c79d5d75c8ceec4ed89cd63
  md5: cc3573974587f12dda90d96e3e55a702
  depends:
  - _libgcc_mutex 0.1 conda_forge
  license: GPL-3.0-only WITH GCC-exception-3.1
  license_family: GPL
  purls: []
  size: 460992
  timestamp: 1729027639220
- kind: conda
  name: liblapack
  version: 3.9.0
  build: 25_linux64_openblas
  build_number: 25
  subdir: linux-64
  url: https://conda.anaconda.org/conda-forge/linux-64/liblapack-3.9.0-25_linux64_openblas.conda
  sha256: 9d1ff017714edb2d84868f0f931a4a0e7c289a971062b2ac66cfc8145df7e20e
  md5: 4dc03a53fc69371a6158d0ed37214cd3
  depends:
  - libblas 3.9.0 25_linux64_openblas
  constrains:
  - liblapacke 3.9.0 25_linux64_openblas
  - libcblas 3.9.0 25_linux64_openblas
  - blas * openblas
  license: BSD-3-Clause
  license_family: BSD
  purls: []
  size: 15608
  timestamp: 1729642910812
- kind: conda
  name: libmpdec
  version: 4.0.0
  build: h4bc722e_0
  subdir: linux-64
  url: https://conda.anaconda.org/conda-forge/linux-64/libmpdec-4.0.0-h4bc722e_0.conda
  sha256: d02d1d3304ecaf5c728e515eb7416517a0b118200cd5eacbe829c432d1664070
  md5: aeb98fdeb2e8f25d43ef71fbacbeec80
  depends:
  - __glibc >=2.17,<3.0.a0
  - libgcc-ng >=12
  license: BSD-2-Clause
  license_family: BSD
  purls: []
  size: 89991
  timestamp: 1723817448345
- kind: conda
  name: libopenblas
  version: 0.3.28
  build: pthreads_h94d23a6_1
  build_number: 1
  subdir: linux-64
  url: https://conda.anaconda.org/conda-forge/linux-64/libopenblas-0.3.28-pthreads_h94d23a6_1.conda
  sha256: 99ba271d8a80a1af2723f2e124ffd91d850074c0389c067e6d96d72a2dbfeabe
  md5: 62857b389e42b36b686331bec0922050
  depends:
  - __glibc >=2.17,<3.0.a0
  - libgcc >=14
  - libgfortran
  - libgfortran5 >=14.2.0
  constrains:
  - openblas >=0.3.28,<0.3.29.0a0
  license: BSD-3-Clause
  license_family: BSD
  purls: []
  size: 5578513
  timestamp: 1730772671118
- kind: conda
  name: libsqlite
  version: 3.47.0
  build: hadc24fc_1
  build_number: 1
  subdir: linux-64
  url: https://conda.anaconda.org/conda-forge/linux-64/libsqlite-3.47.0-hadc24fc_1.conda
  sha256: 8a9aadf996a2399f65b679c6e7f29139d5059f699c63e6d7b50e20db10c00508
  md5: b6f02b52a174e612e89548f4663ce56a
  depends:
  - __glibc >=2.17,<3.0.a0
  - libgcc >=13
  - libzlib >=1.3.1,<2.0a0
  license: Unlicense
  purls: []
  size: 875349
  timestamp: 1730208050020
- kind: conda
  name: libstdcxx
  version: 14.2.0
  build: hc0a3c3a_1
  build_number: 1
  subdir: linux-64
  url: https://conda.anaconda.org/conda-forge/linux-64/libstdcxx-14.2.0-hc0a3c3a_1.conda
  sha256: 4661af0eb9bdcbb5fb33e5d0023b001ad4be828fccdcc56500059d56f9869462
  md5: 234a5554c53625688d51062645337328
  depends:
  - libgcc 14.2.0 h77fa898_1
  license: GPL-3.0-only WITH GCC-exception-3.1
  license_family: GPL
  purls: []
  size: 3893695
  timestamp: 1729027746910
- kind: conda
  name: libuuid
  version: 2.38.1
  build: h0b41bf4_0
  subdir: linux-64
  url: https://conda.anaconda.org/conda-forge/linux-64/libuuid-2.38.1-h0b41bf4_0.conda
  sha256: 787eb542f055a2b3de553614b25f09eefb0a0931b0c87dbcce6efdfd92f04f18
  md5: 40b61aab5c7ba9ff276c41cfffe6b80b
  depends:
  - libgcc-ng >=12
  license: BSD-3-Clause
  license_family: BSD
  purls: []
  size: 33601
  timestamp: 1680112270483
- kind: conda
  name: libzlib
  version: 1.3.1
  build: hb9d3cd8_2
  build_number: 2
  subdir: linux-64
  url: https://conda.anaconda.org/conda-forge/linux-64/libzlib-1.3.1-hb9d3cd8_2.conda
  sha256: d4bfe88d7cb447768e31650f06257995601f89076080e76df55e3112d4e47dc4
  md5: edb0dca6bc32e4f4789199455a1dbeb8
  depends:
  - __glibc >=2.17,<3.0.a0
  - libgcc >=13
  constrains:
  - zlib 1.3.1 *_2
  license: Zlib
  license_family: Other
  purls: []
  size: 60963
  timestamp: 1727963148474
- kind: conda
  name: markdown-it-py
  version: 3.0.0
  build: pyhd8ed1ab_0
  subdir: noarch
  noarch: python
  url: https://conda.anaconda.org/conda-forge/noarch/markdown-it-py-3.0.0-pyhd8ed1ab_0.conda
  sha256: c041b0eaf7a6af3344d5dd452815cdc148d6284fec25a4fa3f4263b3a021e962
  md5: 93a8e71256479c62074356ef6ebf501b
  depends:
  - mdurl >=0.1,<1
  - python >=3.8
  license: MIT
  license_family: MIT
  purls:
  - pkg:pypi/markdown-it-py?source=hash-mapping
  size: 64356
  timestamp: 1686175179621
- kind: conda
  name: mdurl
  version: 0.1.2
  build: pyhd8ed1ab_0
  subdir: noarch
  noarch: python
  url: https://conda.anaconda.org/conda-forge/noarch/mdurl-0.1.2-pyhd8ed1ab_0.conda
  sha256: 64073dfb6bb429d52fff30891877b48c7ec0f89625b1bf844905b66a81cce6e1
  md5: 776a8dd9e824f77abac30e6ef43a8f7a
  depends:
  - python >=3.6
  license: MIT
  license_family: MIT
  purls:
  - pkg:pypi/mdurl?source=hash-mapping
  size: 14680
  timestamp: 1704317789138
- kind: conda
  name: ncurses
  version: '6.5'
  build: he02047a_1
  build_number: 1
  subdir: linux-64
  url: https://conda.anaconda.org/conda-forge/linux-64/ncurses-6.5-he02047a_1.conda
  sha256: 6a1d5d8634c1a07913f1c525db6455918cbc589d745fac46d9d6e30340c8731a
  md5: 70caf8bb6cf39a0b6b7efc885f51c0fe
  depends:
  - __glibc >=2.17,<3.0.a0
  - libgcc-ng >=12
  license: X11 AND BSD-3-Clause
  purls: []
  size: 889086
  timestamp: 1724658547447
- kind: conda
  name: numpy
  version: 2.1.3
  build: py313h4bf6692_0
  subdir: linux-64
  url: https://conda.anaconda.org/conda-forge/linux-64/numpy-2.1.3-py313h4bf6692_0.conda
  sha256: e2e7451083c143cd61227d663e55712a7432239e9a9c758db0b66a26bc89a7f8
  md5: 17bcf851cceab793dad11ab8089d4bc4
  depends:
  - __glibc >=2.17,<3.0.a0
  - libblas >=3.9.0,<4.0a0
  - libcblas >=3.9.0,<4.0a0
  - libgcc >=13
  - liblapack >=3.9.0,<4.0a0
  - libstdcxx >=13
  - python >=3.13,<3.14.0a0
  - python_abi 3.13.* *_cp313
  constrains:
  - numpy-base <0a0
  license: BSD-3-Clause
  license_family: BSD
  purls:
  - pkg:pypi/numpy?source=hash-mapping
  size: 8404824
  timestamp: 1730588549941
- kind: conda
  name: openssl
  version: 3.3.2
  build: hb9d3cd8_0
  subdir: linux-64
  url: https://conda.anaconda.org/conda-forge/linux-64/openssl-3.3.2-hb9d3cd8_0.conda
  sha256: cee91036686419f6dd6086902acf7142b4916e1c4ba042e9ca23e151da012b6d
  md5: 4d638782050ab6faa27275bed57e9b4e
  depends:
  - __glibc >=2.17,<3.0.a0
  - ca-certificates
  - libgcc >=13
  license: Apache-2.0
  license_family: Apache
  purls: []
  size: 2891789
  timestamp: 1725410790053
- kind: conda
  name: pandas
  version: 2.2.3
  build: py313ha87cce1_1
  build_number: 1
  subdir: linux-64
  url: https://conda.anaconda.org/conda-forge/linux-64/pandas-2.2.3-py313ha87cce1_1.conda
  sha256: 6337d2fe918ba5f5bef21037c4539dfee2f58b25e84c5f9b1cf14b5db4ed23d5
  md5: c5d63dd501db554b84a30dea33824164
  depends:
  - __glibc >=2.17,<3.0.a0
  - libgcc >=13
  - libstdcxx >=13
  - numpy >=1.21,<3
  - numpy >=1.22.4
  - python >=3.13.0rc2,<3.14.0a0
  - python-dateutil >=2.8.1
  - python-tzdata >=2022a
  - python_abi 3.13.* *_cp313
  - pytz >=2020.1,<2024.2
  license: BSD-3-Clause
  license_family: BSD
  purls:
  - pkg:pypi/pandas?source=hash-mapping
  size: 15407410
  timestamp: 1726878925082
- kind: conda
  name: pip
  version: 24.3.1
  build: pyh145f28c_0
  subdir: noarch
  noarch: python
  url: https://conda.anaconda.org/conda-forge/noarch/pip-24.3.1-pyh145f28c_0.conda
  sha256: fc305cfe1ad0d51c61dd42a33cf27e03a075992fd0070c173d7cad86c1a48f13
  md5: ca3afe2d7b893a8c8cdf489d30a2b1a3
  depends:
  - python >=3.13.0a0
  license: MIT
  license_family: MIT
  purls:
  - pkg:pypi/pip?source=hash-mapping
  size: 1241228
  timestamp: 1730203795175
- kind: conda
  name: pydantic
  version: 2.9.2
  build: pyhd8ed1ab_0
  subdir: noarch
  noarch: python
  url: https://conda.anaconda.org/conda-forge/noarch/pydantic-2.9.2-pyhd8ed1ab_0.conda
  sha256: 1b7b0dc9f6af4da156bf22b0263be70829364a08145c696d3670facff2f6441a
  md5: 1eb533bb8eb2199e3fef3e4aa147319f
  depends:
  - annotated-types >=0.6.0
  - pydantic-core 2.23.4
  - python >=3.7
  - typing-extensions >=4.6.1
  license: MIT
  license_family: MIT
  purls:
  - pkg:pypi/pydantic?source=hash-mapping
  size: 300649
  timestamp: 1726601202431
- kind: conda
  name: pydantic-core
  version: 2.23.4
  build: py313h920b4c0_0
  subdir: linux-64
  url: https://conda.anaconda.org/conda-forge/linux-64/pydantic-core-2.23.4-py313h920b4c0_0.conda
  sha256: 9cfb53a866d90330f87fbc7e79ad11d0313fec36a7880a4d2fd75cb07ba99679
  md5: 99c10017705674c7f8a3d6351968d78f
  depends:
  - __glibc >=2.17,<3.0.a0
  - libgcc >=13
  - python >=3.13.0rc2,<3.14.0a0
  - python_abi 3.13.* *_cp313
  - typing-extensions >=4.6.0,!=4.7.0
  constrains:
  - __glibc >=2.17
  license: MIT
  license_family: MIT
  purls:
  - pkg:pypi/pydantic-core?source=hash-mapping
  size: 1613819
  timestamp: 1726525449161
- kind: conda
  name: pydantic-settings
  version: 2.6.1
  build: pyh3cfb1c2_0
  subdir: noarch
  noarch: python
  url: https://conda.anaconda.org/conda-forge/noarch/pydantic-settings-2.6.1-pyh3cfb1c2_0.conda
  sha256: b3f331d69f7f3b3272e8e203211bfe39ba728a61fadc9b5c2f091b50084f0187
  md5: 412f950a65ceea20b06263f65d689f6b
  depends:
  - pydantic >=2.7.0
  - python >=3.8
  - python-dotenv >=0.21.0
  license: MIT
  license_family: MIT
  purls:
  - pkg:pypi/pydantic-settings?source=hash-mapping
  size: 30618
  timestamp: 1730473755879
- kind: conda
  name: pygments
  version: 2.18.0
  build: pyhd8ed1ab_0
  subdir: noarch
  noarch: python
  url: https://conda.anaconda.org/conda-forge/noarch/pygments-2.18.0-pyhd8ed1ab_0.conda
  sha256: 78267adf4e76d0d64ea2ffab008c501156c108bb08fecb703816fb63e279780b
  md5: b7f5c092b8f9800150d998a71b76d5a1
  depends:
  - python >=3.8
  license: BSD-2-Clause
  license_family: BSD
  purls:
  - pkg:pypi/pygments?source=hash-mapping
  size: 879295
  timestamp: 1714846885370
- kind: conda
  name: python
  version: 3.13.0
  build: h9ebbce0_100_cp313
  build_number: 100
  subdir: linux-64
  url: https://conda.anaconda.org/conda-forge/linux-64/python-3.13.0-h9ebbce0_100_cp313.conda
  sha256: 6ab5179679f0909db828d8316f3b8b379014a82404807310fe7df5a6cf303646
  md5: 08e9aef080f33daeb192b2ddc7e4721f
  depends:
  - __glibc >=2.17,<3.0.a0
  - bzip2 >=1.0.8,<2.0a0
  - ld_impl_linux-64 >=2.36.1
  - libexpat >=2.6.3,<3.0a0
  - libffi >=3.4,<4.0a0
  - libgcc >=13
  - libmpdec >=4.0.0,<5.0a0
  - libsqlite >=3.46.1,<4.0a0
  - libuuid >=2.38.1,<3.0a0
  - libzlib >=1.3.1,<2.0a0
  - ncurses >=6.5,<7.0a0
  - openssl >=3.3.2,<4.0a0
  - python_abi 3.13.* *_cp313
  - readline >=8.2,<9.0a0
  - tk >=8.6.13,<8.7.0a0
  - tzdata
  - xz >=5.2.6,<6.0a0
  license: Python-2.0
  purls: []
  size: 33112481
  timestamp: 1728419573472
- kind: conda
  name: python-dateutil
  version: 2.9.0
  build: pyhd8ed1ab_0
  subdir: noarch
  noarch: python
  url: https://conda.anaconda.org/conda-forge/noarch/python-dateutil-2.9.0-pyhd8ed1ab_0.conda
  sha256: f3ceef02ac164a8d3a080d0d32f8e2ebe10dd29e3a685d240e38b3599e146320
  md5: 2cf4264fffb9e6eff6031c5b6884d61c
  depends:
  - python >=3.7
  - six >=1.5
  license: Apache-2.0
  license_family: APACHE
  purls:
  - pkg:pypi/python-dateutil?source=hash-mapping
  size: 222742
  timestamp: 1709299922152
- kind: conda
  name: python-dotenv
  version: 1.0.1
  build: pyhd8ed1ab_0
  subdir: noarch
  noarch: python
  url: https://conda.anaconda.org/conda-forge/noarch/python-dotenv-1.0.1-pyhd8ed1ab_0.conda
  sha256: 2d4c80364f03315d606a50eddd493dbacc078e21412c2462c0f781eec49b572c
  md5: c2997ea9360ac4e015658804a7a84f94
  depends:
  - python >=3.8
  license: BSD-3-Clause
  license_family: BSD
  purls:
  - pkg:pypi/python-dotenv?source=hash-mapping
  size: 24278
  timestamp: 1706018281544
- kind: conda
  name: python-tzdata
  version: '2024.2'
  build: pyhd8ed1ab_0
  subdir: noarch
  noarch: python
  url: https://conda.anaconda.org/conda-forge/noarch/python-tzdata-2024.2-pyhd8ed1ab_0.conda
  sha256: fe3f62ce2bc714bdaa222ab3f0344a2815ad9e853c6df38d15c9f25de8a3a6d4
  md5: 986287f89929b2d629bd6ef6497dc307
  depends:
  - python >=3.6
  license: Apache-2.0
  license_family: APACHE
  purls:
  - pkg:pypi/tzdata?source=hash-mapping
  size: 142527
  timestamp: 1727140688093
- kind: conda
  name: python_abi
  version: '3.13'
  build: 5_cp313
  build_number: 5
  subdir: linux-64
  url: https://conda.anaconda.org/conda-forge/linux-64/python_abi-3.13-5_cp313.conda
  sha256: 438225b241c5f9bddae6f0178a97f5870a89ecf927dfca54753e689907331442
  md5: 381bbd2a92c863f640a55b6ff3c35161
  constrains:
  - python 3.13.* *_cp313
  license: BSD-3-Clause
  license_family: BSD
  purls: []
  size: 6217
  timestamp: 1723823393322
- kind: conda
  name: pytz
  version: '2024.1'
  build: pyhd8ed1ab_0
  subdir: noarch
  noarch: python
  url: https://conda.anaconda.org/conda-forge/noarch/pytz-2024.1-pyhd8ed1ab_0.conda
  sha256: 1a7d6b233f7e6e3bbcbad054c8fd51e690a67b129a899a056a5e45dd9f00cb41
  md5: 3eeeeb9e4827ace8c0c1419c85d590ad
  depends:
  - python >=3.7
  license: MIT
  license_family: MIT
  purls:
  - pkg:pypi/pytz?source=hash-mapping
  size: 188538
  timestamp: 1706886944988
- kind: conda
  name: readline
  version: '8.2'
  build: h8228510_1
  build_number: 1
  subdir: linux-64
  url: https://conda.anaconda.org/conda-forge/linux-64/readline-8.2-h8228510_1.conda
  sha256: 5435cf39d039387fbdc977b0a762357ea909a7694d9528ab40f005e9208744d7
  md5: 47d31b792659ce70f470b5c82fdfb7a4
  depends:
  - libgcc-ng >=12
  - ncurses >=6.3,<7.0a0
  license: GPL-3.0-only
  license_family: GPL
  purls: []
  size: 281456
  timestamp: 1679532220005
- kind: conda
  name: rich
  version: 13.9.4
  build: pyhd8ed1ab_0
  subdir: noarch
  noarch: python
  url: https://conda.anaconda.org/conda-forge/noarch/rich-13.9.4-pyhd8ed1ab_0.conda
  sha256: c009488fc07fd5557434c9c1ad32ab1dd50241d6a766e4b2b4125cd6498585a8
  md5: bcf8cc8924b5d20ead3d122130b8320b
  depends:
  - markdown-it-py >=2.2.0
  - pygments >=2.13.0,<3.0.0
  - python >=3.8
  - typing_extensions >=4.0.0,<5.0.0
  license: MIT
  license_family: MIT
  purls:
  - pkg:pypi/rich?source=hash-mapping
  size: 185481
  timestamp: 1730592349978
- kind: conda
  name: shellingham
  version: 1.5.4
  build: pyhd8ed1ab_0
  subdir: noarch
  noarch: python
  url: https://conda.anaconda.org/conda-forge/noarch/shellingham-1.5.4-pyhd8ed1ab_0.conda
  sha256: 3c49a0a101c41b7cf6ac05a1872d7a1f91f1b6d02eecb4a36b605a19517862bb
  md5: d08db09a552699ee9e7eec56b4eb3899
  depends:
  - python >=3.7
  license: MIT
  license_family: MIT
  purls:
  - pkg:pypi/shellingham?source=hash-mapping
  size: 14568
  timestamp: 1698144516278
- kind: conda
  name: six
  version: 1.16.0
  build: pyh6c4a22f_0
  subdir: noarch
  noarch: python
  url: https://conda.anaconda.org/conda-forge/noarch/six-1.16.0-pyh6c4a22f_0.tar.bz2
  sha256: a85c38227b446f42c5b90d9b642f2c0567880c15d72492d8da074a59c8f91dd6
  md5: e5f25f8dbc060e9a8d912e432202afc2
  depends:
  - python
  license: MIT
  license_family: MIT
  purls:
  - pkg:pypi/six?source=hash-mapping
  size: 14259
  timestamp: 1620240338595
- kind: conda
  name: tk
  version: 8.6.13
  build: noxft_h4845f30_101
  build_number: 101
  subdir: linux-64
  url: https://conda.anaconda.org/conda-forge/linux-64/tk-8.6.13-noxft_h4845f30_101.conda
  sha256: e0569c9caa68bf476bead1bed3d79650bb080b532c64a4af7d8ca286c08dea4e
  md5: d453b98d9c83e71da0741bb0ff4d76bc
  depends:
  - libgcc-ng >=12
  - libzlib >=1.2.13,<2.0.0a0
  license: TCL
  license_family: BSD
  purls: []
  size: 3318875
  timestamp: 1699202167581
- kind: conda
  name: tomli
  version: 2.0.2
  build: pyhd8ed1ab_0
  subdir: noarch
  noarch: python
  url: https://conda.anaconda.org/conda-forge/noarch/tomli-2.0.2-pyhd8ed1ab_0.conda
  sha256: 5e742ba856168b606ac3c814d247657b1c33b8042371f1a08000bdc5075bc0cc
  md5: e977934e00b355ff55ed154904044727
  depends:
  - python >=3.7
  license: MIT
  license_family: MIT
  purls:
  - pkg:pypi/tomli?source=hash-mapping
  size: 18203
  timestamp: 1727974767524
- kind: conda
  name: typer
  version: 0.12.5
  build: pyhd8ed1ab_0
  subdir: noarch
  noarch: python
  url: https://conda.anaconda.org/conda-forge/noarch/typer-0.12.5-pyhd8ed1ab_0.conda
  sha256: da9ff9e27c5fa8268c2d5898335485a897d9496eef3b5b446cd9387a89d168de
  md5: be70216cc1a5fe502c849676baabf498
  depends:
  - python >=3.7
  - typer-slim-standard 0.12.5 hd8ed1ab_0
  license: MIT
  license_family: MIT
  purls:
  - pkg:pypi/typer?source=hash-mapping
  size: 53350
  timestamp: 1724613663049
- kind: conda
  name: typer-slim
  version: 0.12.5
  build: pyhd8ed1ab_0
  subdir: noarch
  noarch: python
  url: https://conda.anaconda.org/conda-forge/noarch/typer-slim-0.12.5-pyhd8ed1ab_0.conda
  sha256: 7be1876627495047f3f07c52c93ddc2ae2017b93affe58110a5474e5ebcb2662
  md5: a46aa56c0ca7cc2bd38baffc2686f0a6
  depends:
  - click >=8.0.0
  - python >=3.7
  - typing_extensions >=3.7.4.3
  constrains:
  - rich >=10.11.0
  - typer >=0.12.5,<0.12.6.0a0
  - shellingham >=1.3.0
  license: MIT
  license_family: MIT
  purls:
  - pkg:pypi/typer-slim?source=hash-mapping
  size: 45641
  timestamp: 1724613646022
- kind: conda
  name: typer-slim-standard
  version: 0.12.5
  build: hd8ed1ab_0
  subdir: noarch
  noarch: generic
  url: https://conda.anaconda.org/conda-forge/noarch/typer-slim-standard-0.12.5-hd8ed1ab_0.conda
  sha256: bb298b116159ec1085f6b29eaeb982006651a0997eda08de8b70cfb6177297f3
  md5: 2dc1ee4046de0692077e9aa9ba351d36
  depends:
  - rich
  - shellingham
  - typer-slim 0.12.5 pyhd8ed1ab_0
  license: MIT
  license_family: MIT
  purls: []
  size: 46817
  timestamp: 1724613648907
- kind: conda
  name: typing-extensions
  version: 4.12.2
  build: hd8ed1ab_0
  subdir: noarch
  noarch: python
  url: https://conda.anaconda.org/conda-forge/noarch/typing-extensions-4.12.2-hd8ed1ab_0.conda
  sha256: d3b9a8ed6da7c9f9553c5fd8a4fca9c3e0ab712fa5f497859f82337d67533b73
  md5: 52d648bd608f5737b123f510bb5514b5
  depends:
  - typing_extensions 4.12.2 pyha770c72_0
  license: PSF-2.0
  license_family: PSF
  purls: []
  size: 10097
  timestamp: 1717802659025
- kind: conda
  name: typing_extensions
  version: 4.12.2
  build: pyha770c72_0
  subdir: noarch
  noarch: python
  url: https://conda.anaconda.org/conda-forge/noarch/typing_extensions-4.12.2-pyha770c72_0.conda
  sha256: 0fce54f8ec3e59f5ef3bb7641863be4e1bf1279623e5af3d3fa726e8f7628ddb
  md5: ebe6952715e1d5eb567eeebf25250fa7
  depends:
  - python >=3.8
  license: PSF-2.0
  license_family: PSF
  purls:
  - pkg:pypi/typing-extensions?source=hash-mapping
  size: 39888
  timestamp: 1717802653893
- kind: conda
  name: tzdata
  version: 2024b
  build: hc8b5060_0
  subdir: noarch
  noarch: generic
  url: https://conda.anaconda.org/conda-forge/noarch/tzdata-2024b-hc8b5060_0.conda
  sha256: 4fde5c3008bf5d2db82f2b50204464314cc3c91c1d953652f7bd01d9e52aefdf
  md5: 8ac3367aafb1cc0a068483c580af8015
  license: LicenseRef-Public-Domain
  purls: []
  size: 122354
  timestamp: 1728047496079
- kind: conda
  name: xz
  version: 5.2.6
  build: h166bdaf_0
  subdir: linux-64
  url: https://conda.anaconda.org/conda-forge/linux-64/xz-5.2.6-h166bdaf_0.tar.bz2
  sha256: 03a6d28ded42af8a347345f82f3eebdd6807a08526d47899a42d62d319609162
  md5: 2161070d867d1b1204ea749c8eec4ef0
  depends:
  - libgcc-ng >=12
  license: LGPL-2.1 and GPL-2.0
  purls: []
  size: 418368
  timestamp: 1660346797927
